
Microsoft Visual Studio Solution File, Format Version 12.00
# Visual Studio 14
VisualStudioVersion = 14.0.25420.1
MinimumVisualStudioVersion = 10.0.40219.1
Project("{FAE04EC0-301F-11D3-BF4B-00C04F79EFBC}") = "Demo.Exercises.Test", "Demo.Exercises.Test\Demo.Exercises.Test.csproj", "{620E6FEB-8324-4A8F-BEB6-7134364E0404}"
EndProject
Project("{FAE04EC0-301F-11D3-BF4B-00C04F79EFBC}") = "Demo.Exercises", "Demo.Exercises\Demo.Exercises.csproj", "{9BF21A61-B83C-4B2A-9AB9-29C42529E3EB}"
EndProject
Global
	GlobalSection(SolutionConfigurationPlatforms) = preSolution
		Debug|Any CPU = Debug|Any CPU
		Release|Any CPU = Release|Any CPU
	EndGlobalSection
	GlobalSection(ProjectConfigurationPlatforms) = postSolution
		{620E6FEB-8324-4A8F-BEB6-7134364E0404}.Debug|Any CPU.ActiveCfg = Debug|Any CPU
		{620E6FEB-8324-4A8F-BEB6-7134364E0404}.Debug|Any CPU.Build.0 = Debug|Any CPU
		{620E6FEB-8324-4A8F-BEB6-7134364E0404}.Release|Any CPU.ActiveCfg = Release|Any CPU
		{620E6FEB-8324-4A8F-BEB6-7134364E0404}.Release|Any CPU.Build.0 = Release|Any CPU
		{9BF21A61-B83C-4B2A-9AB9-29C42529E3EB}.Debug|Any CPU.ActiveCfg = Debug|Any CPU
		{9BF21A61-B83C-4B2A-9AB9-29C42529E3EB}.Debug|Any CPU.Build.0 = Debug|Any CPU
		{9BF21A61-B83C-4B2A-9AB9-29C42529E3EB}.Release|Any CPU.ActiveCfg = Release|Any CPU
		{9BF21A61-B83C-4B2A-9AB9-29C42529E3EB}.Release|Any CPU.Build.0 = Release|Any CPU
	EndGlobalSection
	GlobalSection(SolutionProperties) = preSolution
		HideSolutionNode = FALSE
	EndGlobalSection
EndGlobal
